
Microsoft Visual Studio Solution File, Format Version 11.00
# Visual Studio 2010
Project("{FAE04EC0-301F-11D3-BF4B-00C04F79EFBC}") = "UnityXFramework", "UnityXFramework.csproj", "{99964837-272a-9d4c-8efb-a42fcadc43ae}"
EndProject
Global
	GlobalSection(SolutionConfigurationPlatforms) = preSolution
		Debug|Any CPU = Debug|Any CPU
	EndGlobalSection
	GlobalSection(ProjectConfigurationPlatforms) = postSolution
		{99964837-272a-9d4c-8efb-a42fcadc43ae}.Debug|Any CPU.ActiveCfg = Debug|Any CPU
		{99964837-272a-9d4c-8efb-a42fcadc43ae}.Debug|Any CPU.Build.0 = Debug|Any CPU
	EndGlobalSection
	GlobalSection(SolutionProperties) = preSolution
		HideSolutionNode = FALSE
	EndGlobalSection
EndGlobal
